
Microsoft Visual Studio Solution File, Format Version 12.00
# Visual Studio 15
VisualStudioVersion = 15.0.28307.102
MinimumVisualStudioVersion = 10.0.40219.1
Project("{8BC9CEB8-8B4A-11D0-8D11-00A0C91BC942}") = "игра готова", "игра готова\игра готова.vcxproj", "{2436894F-84EC-4E34-A35E-B9C290F06209}"
EndProject
Global
	GlobalSection(SolutionConfigurationPlatforms) = preSolution
		Debug|x64 = Debug|x64
		Debug|x86 = Debug|x86
		Release|x64 = Release|x64
		Release|x86 = Release|x86
	EndGlobalSection
	GlobalSection(ProjectConfigurationPlatforms) = postSolution
		{2436894F-84EC-4E34-A35E-B9C290F06209}.Debug|x64.ActiveCfg = Debug|x64
		{2436894F-84EC-4E34-A35E-B9C290F06209}.Debug|x64.Build.0 = Debug|x64
		{2436894F-84EC-4E34-A35E-B9C290F06209}.Debug|x86.ActiveCfg = Debug|Win32
		{2436894F-84EC-4E34-A35E-B9C290F06209}.Debug|x86.Build.0 = Debug|Win32
		{2436894F-84EC-4E34-A35E-B9C290F06209}.Release|x64.ActiveCfg = Release|x64
		{2436894F-84EC-4E34-A35E-B9C290F06209}.Release|x64.Build.0 = Release|x64
		{2436894F-84EC-4E34-A35E-B9C290F06209}.Release|x86.ActiveCfg = Release|Win32
		{2436894F-84EC-4E34-A35E-B9C290F06209}.Release|x86.Build.0 = Release|Win32
	EndGlobalSection
	GlobalSection(SolutionProperties) = preSolution
		HideSolutionNode = FALSE
	EndGlobalSection
	GlobalSection(ExtensibilityGlobals) = postSolution
		SolutionGuid = {50E7445C-C7F7-442F-8554-6BA4CE90D109}
	EndGlobalSection
EndGlobal
